
Microsoft Visual Studio Solution File, Format Version 12.00
# Visual Studio Version 17
VisualStudioVersion = 17.8.34330.188
MinimumVisualStudioVersion = 10.0.40219.1
Project("{2150E333-8FDC-42A3-9474-1A3956D46DE8}") = "Starter", "Starter", "{68E6FF90-23C9-4F22-AF05-4A4DA9E2C08E}"
EndProject
Project("{FAE04EC0-301F-11D3-BF4B-00C04F79EFBC}") = "BaseMAUI", "Starter\BaseMAUI\BaseMAUI.csproj", "{6ECDBDCA-DA4E-43B5-AEEA-DE73C414DFEC}"
EndProject
Project("{FAE04EC0-301F-11D3-BF4B-00C04F79EFBC}") = "CommonShared", "Modules\Shared\CommonShared\CommonShared.csproj", "{37CC35B4-2CA0-48EC-81DB-BCD57588B1DE}"
EndProject
Project("{2150E333-8FDC-42A3-9474-1A3956D46DE8}") = "Modules", "Modules", "{6B5268AC-E0C1-47BC-99A3-9AD6B504161C}"
EndProject
Project("{2150E333-8FDC-42A3-9474-1A3956D46DE8}") = "Shared", "Shared", "{C2DA4984-7DCC-45E7-A4B4-7876C0685B72}"
EndProject
Project("{FAE04EC0-301F-11D3-BF4B-00C04F79EFBC}") = "Domain", "Modules\Shared\Domain\Domain.csproj", "{B0D14032-DB34-4055-8982-833EEE061B38}"
EndProject
Project("{FAE04EC0-301F-11D3-BF4B-00C04F79EFBC}") = "Infrastructure", "Modules\Shared\Infrastructure\Infrastructure.csproj", "{B4616E4B-220B-4646-8637-8B944B174647}"
EndProject
Project("{2150E333-8FDC-42A3-9474-1A3956D46DE8}") = "Solution Items", "Solution Items", "{E01F075C-5F71-494D-A0E9-11D4C3386160}"
	ProjectSection(SolutionItems) = preProject
		.editorconfig = .editorconfig
		Directory.Build.props = Directory.Build.props
		Directory.Packages.props = Directory.Packages.props
	EndProjectSection
EndProject
Project("{2150E333-8FDC-42A3-9474-1A3956D46DE8}") = "Buy", "Buy", "{A0B7B6A8-29EA-4A33-B511-C0B366E504C2}"
EndProject
Project("{2150E333-8FDC-42A3-9474-1A3956D46DE8}") = "Sell", "Sell", "{0564B996-252C-4B20-9A59-3DEE40CC3C73}"
EndProject
Project("{FAE04EC0-301F-11D3-BF4B-00C04F79EFBC}") = "BuyDomain", "Modules\Buy\BuyDomain\BuyDomain.csproj", "{764E57AC-32D3-4359-834A-F75E419DBEE4}"
EndProject
Project("{FAE04EC0-301F-11D3-BF4B-00C04F79EFBC}") = "SellDomain", "Modules\Sell\SellDomain\SellDomain.csproj", "{4B539745-B11A-49DA-B20E-A1FF43B0FA49}"
EndProject
Project("{FAE04EC0-301F-11D3-BF4B-00C04F79EFBC}") = "SharedPresentation", "Modules\Shared\SharedPresentation\SharedPresentation.csproj", "{0555A8DF-1082-4ACB-8AD3-321627C94B42}"
EndProject
Project("{2150E333-8FDC-42A3-9474-1A3956D46DE8}") = "UserConfig", "UserConfig", "{75F0F874-A04B-C129-DAFA-A337657B0E51}"
EndProject
Project("{FAE04EC0-301F-11D3-BF4B-00C04F79EFBC}") = "UserConfigPresentation", "Modules\UserConfig\UserConfigPresentation\UserConfigPresentation.csproj", "{570C37AF-4B75-473F-95C0-AFAD05EA1159}"
EndProject
Project("{FAE04EC0-301F-11D3-BF4B-00C04F79EFBC}") = "UserConfigInfrastructure", "Modules\UserConfig\UserConfigInfrastructure\UserConfigInfrastructure.csproj", "{BAF860DB-79DA-4543-8F3A-7B60AACD252F}"
EndProject
Project("{FAE04EC0-301F-11D3-BF4B-00C04F79EFBC}") = "UserConfigDomain", "Modules\UserConfig\UserConfigDomain\UserConfigDomain.csproj", "{21D0BCFD-3968-4CA7-AD97-4871FE81868C}"
EndProject
Global
	GlobalSection(SolutionConfigurationPlatforms) = preSolution
		Debug|Any CPU = Debug|Any CPU
		Debug|x64 = Debug|x64
		Debug|x86 = Debug|x86
		DEBUGPROD|Any CPU = DEBUGPROD|Any CPU
		DEBUGPROD|x64 = DEBUGPROD|x64
		DEBUGPROD|x86 = DEBUGPROD|x86
		DEBUGQA|Any CPU = DEBUGQA|Any CPU
		DEBUGQA|x64 = DEBUGQA|x64
		DEBUGQA|x86 = DEBUGQA|x86
		Release|Any CPU = Release|Any CPU
		Release|x64 = Release|x64
		Release|x86 = Release|x86
		RELEASEPROD|Any CPU = RELEASEPROD|Any CPU
		RELEASEPROD|x64 = RELEASEPROD|x64
		RELEASEPROD|x86 = RELEASEPROD|x86
		RELEASEQA|Any CPU = RELEASEQA|Any CPU
		RELEASEQA|x64 = RELEASEQA|x64
		RELEASEQA|x86 = RELEASEQA|x86
	EndGlobalSection
	GlobalSection(ProjectConfigurationPlatforms) = postSolution
		{6ECDBDCA-DA4E-43B5-AEEA-DE73C414DFEC}.Debug|Any CPU.ActiveCfg = Debug|Any CPU
		{6ECDBDCA-DA4E-43B5-AEEA-DE73C414DFEC}.Debug|Any CPU.Build.0 = Debug|Any CPU
		{6ECDBDCA-DA4E-43B5-AEEA-DE73C414DFEC}.Debug|Any CPU.Deploy.0 = Debug|Any CPU
		{6ECDBDCA-DA4E-43B5-AEEA-DE73C414DFEC}.Debug|x64.ActiveCfg = Debug|Any CPU
		{6ECDBDCA-DA4E-43B5-AEEA-DE73C414DFEC}.Debug|x64.Build.0 = Debug|Any CPU
		{6ECDBDCA-DA4E-43B5-AEEA-DE73C414DFEC}.Debug|x86.ActiveCfg = Debug|Any CPU
		{6ECDBDCA-DA4E-43B5-AEEA-DE73C414DFEC}.Debug|x86.Build.0 = Debug|Any CPU
		{6ECDBDCA-DA4E-43B5-AEEA-DE73C414DFEC}.DEBUGPROD|Any CPU.ActiveCfg = Debug|Any CPU
		{6ECDBDCA-DA4E-43B5-AEEA-DE73C414DFEC}.DEBUGPROD|Any CPU.Build.0 = Debug|Any CPU
		{6ECDBDCA-DA4E-43B5-AEEA-DE73C414DFEC}.DEBUGPROD|Any CPU.Deploy.0 = Debug|Any CPU
		{6ECDBDCA-DA4E-43B5-AEEA-DE73C414DFEC}.DEBUGPROD|x64.ActiveCfg = DEBUGPROD|Any CPU
		{6ECDBDCA-DA4E-43B5-AEEA-DE73C414DFEC}.DEBUGPROD|x64.Build.0 = DEBUGPROD|Any CPU
		{6ECDBDCA-DA4E-43B5-AEEA-DE73C414DFEC}.DEBUGPROD|x86.ActiveCfg = DEBUGPROD|Any CPU
		{6ECDBDCA-DA4E-43B5-AEEA-DE73C414DFEC}.DEBUGPROD|x86.Build.0 = DEBUGPROD|Any CPU
		{6ECDBDCA-DA4E-43B5-AEEA-DE73C414DFEC}.DEBUGQA|Any CPU.ActiveCfg = Debug|Any CPU
		{6ECDBDCA-DA4E-43B5-AEEA-DE73C414DFEC}.DEBUGQA|Any CPU.Build.0 = Debug|Any CPU
		{6ECDBDCA-DA4E-43B5-AEEA-DE73C414DFEC}.DEBUGQA|Any CPU.Deploy.0 = Debug|Any CPU
		{6ECDBDCA-DA4E-43B5-AEEA-DE73C414DFEC}.DEBUGQA|x64.ActiveCfg = DEBUGQA|Any CPU
		{6ECDBDCA-DA4E-43B5-AEEA-DE73C414DFEC}.DEBUGQA|x64.Build.0 = DEBUGQA|Any CPU
		{6ECDBDCA-DA4E-43B5-AEEA-DE73C414DFEC}.DEBUGQA|x86.ActiveCfg = DEBUGQA|Any CPU
		{6ECDBDCA-DA4E-43B5-AEEA-DE73C414DFEC}.DEBUGQA|x86.Build.0 = DEBUGQA|Any CPU
		{6ECDBDCA-DA4E-43B5-AEEA-DE73C414DFEC}.Release|Any CPU.ActiveCfg = Release|Any CPU
		{6ECDBDCA-DA4E-43B5-AEEA-DE73C414DFEC}.Release|Any CPU.Build.0 = Release|Any CPU
		{6ECDBDCA-DA4E-43B5-AEEA-DE73C414DFEC}.Release|x64.ActiveCfg = Release|Any CPU
		{6ECDBDCA-DA4E-43B5-AEEA-DE73C414DFEC}.Release|x64.Build.0 = Release|Any CPU
		{6ECDBDCA-DA4E-43B5-AEEA-DE73C414DFEC}.Release|x86.ActiveCfg = Release|Any CPU
		{6ECDBDCA-DA4E-43B5-AEEA-DE73C414DFEC}.Release|x86.Build.0 = Release|Any CPU
		{6ECDBDCA-DA4E-43B5-AEEA-DE73C414DFEC}.RELEASEPROD|Any CPU.ActiveCfg = RELEASEPROD|Any CPU
		{6ECDBDCA-DA4E-43B5-AEEA-DE73C414DFEC}.RELEASEPROD|Any CPU.Build.0 = RELEASEPROD|Any CPU
		{6ECDBDCA-DA4E-43B5-AEEA-DE73C414DFEC}.RELEASEPROD|Any CPU.Deploy.0 = RELEASEPROD|Any CPU
		{6ECDBDCA-DA4E-43B5-AEEA-DE73C414DFEC}.RELEASEPROD|x64.ActiveCfg = RELEASEPROD|Any CPU
		{6ECDBDCA-DA4E-43B5-AEEA-DE73C414DFEC}.RELEASEPROD|x64.Build.0 = RELEASEPROD|Any CPU
		{6ECDBDCA-DA4E-43B5-AEEA-DE73C414DFEC}.RELEASEPROD|x86.ActiveCfg = RELEASEPROD|Any CPU
		{6ECDBDCA-DA4E-43B5-AEEA-DE73C414DFEC}.RELEASEPROD|x86.Build.0 = RELEASEPROD|Any CPU
		{6ECDBDCA-DA4E-43B5-AEEA-DE73C414DFEC}.RELEASEQA|Any CPU.ActiveCfg = RELEASEQA|Any CPU
		{6ECDBDCA-DA4E-43B5-AEEA-DE73C414DFEC}.RELEASEQA|Any CPU.Build.0 = RELEASEQA|Any CPU
		{6ECDBDCA-DA4E-43B5-AEEA-DE73C414DFEC}.RELEASEQA|Any CPU.Deploy.0 = RELEASEQA|Any CPU
		{6ECDBDCA-DA4E-43B5-AEEA-DE73C414DFEC}.RELEASEQA|x64.ActiveCfg = RELEASEQA|Any CPU
		{6ECDBDCA-DA4E-43B5-AEEA-DE73C414DFEC}.RELEASEQA|x64.Build.0 = RELEASEQA|Any CPU
		{6ECDBDCA-DA4E-43B5-AEEA-DE73C414DFEC}.RELEASEQA|x86.ActiveCfg = RELEASEQA|Any CPU
		{6ECDBDCA-DA4E-43B5-AEEA-DE73C414DFEC}.RELEASEQA|x86.Build.0 = RELEASEQA|Any CPU
		{37CC35B4-2CA0-48EC-81DB-BCD57588B1DE}.Debug|Any CPU.ActiveCfg = DEBUGQA|Any CPU
		{37CC35B4-2CA0-48EC-81DB-BCD57588B1DE}.Debug|Any CPU.Build.0 = DEBUGQA|Any CPU
		{37CC35B4-2CA0-48EC-81DB-BCD57588B1DE}.Debug|x64.ActiveCfg = Debug|Any CPU
		{37CC35B4-2CA0-48EC-81DB-BCD57588B1DE}.Debug|x64.Build.0 = Debug|Any CPU
		{37CC35B4-2CA0-48EC-81DB-BCD57588B1DE}.Debug|x86.ActiveCfg = Debug|Any CPU
		{37CC35B4-2CA0-48EC-81DB-BCD57588B1DE}.Debug|x86.Build.0 = Debug|Any CPU
		{37CC35B4-2CA0-48EC-81DB-BCD57588B1DE}.DEBUGPROD|Any CPU.ActiveCfg = DEBUGPROD|Any CPU
		{37CC35B4-2CA0-48EC-81DB-BCD57588B1DE}.DEBUGPROD|Any CPU.Build.0 = DEBUGPROD|Any CPU
		{37CC35B4-2CA0-48EC-81DB-BCD57588B1DE}.DEBUGPROD|x64.ActiveCfg = DEBUGPROD|Any CPU
		{37CC35B4-2CA0-48EC-81DB-BCD57588B1DE}.DEBUGPROD|x64.Build.0 = DEBUGPROD|Any CPU
		{37CC35B4-2CA0-48EC-81DB-BCD57588B1DE}.DEBUGPROD|x86.ActiveCfg = DEBUGPROD|Any CPU
		{37CC35B4-2CA0-48EC-81DB-BCD57588B1DE}.DEBUGPROD|x86.Build.0 = DEBUGPROD|Any CPU
		{37CC35B4-2CA0-48EC-81DB-BCD57588B1DE}.DEBUGQA|Any CPU.ActiveCfg = DEBUGQA|Any CPU
		{37CC35B4-2CA0-48EC-81DB-BCD57588B1DE}.DEBUGQA|Any CPU.Build.0 = DEBUGQA|Any CPU
		{37CC35B4-2CA0-48EC-81DB-BCD57588B1DE}.DEBUGQA|x64.ActiveCfg = DEBUGQA|Any CPU
		{37CC35B4-2CA0-48EC-81DB-BCD57588B1DE}.DEBUGQA|x64.Build.0 = DEBUGQA|Any CPU
		{37CC35B4-2CA0-48EC-81DB-BCD57588B1DE}.DEBUGQA|x86.ActiveCfg = DEBUGQA|Any CPU
		{37CC35B4-2CA0-48EC-81DB-BCD57588B1DE}.DEBUGQA|x86.Build.0 = DEBUGQA|Any CPU
		{37CC35B4-2CA0-48EC-81DB-BCD57588B1DE}.Release|Any CPU.ActiveCfg = Release|Any CPU
		{37CC35B4-2CA0-48EC-81DB-BCD57588B1DE}.Release|Any CPU.Build.0 = Release|Any CPU
		{37CC35B4-2CA0-48EC-81DB-BCD57588B1DE}.Release|x64.ActiveCfg = Release|Any CPU
		{37CC35B4-2CA0-48EC-81DB-BCD57588B1DE}.Release|x64.Build.0 = Release|Any CPU
		{37CC35B4-2CA0-48EC-81DB-BCD57588B1DE}.Release|x86.ActiveCfg = Release|Any CPU
		{37CC35B4-2CA0-48EC-81DB-BCD57588B1DE}.Release|x86.Build.0 = Release|Any CPU
		{37CC35B4-2CA0-48EC-81DB-BCD57588B1DE}.RELEASEPROD|Any CPU.ActiveCfg = RELEASEPROD|Any CPU
		{37CC35B4-2CA0-48EC-81DB-BCD57588B1DE}.RELEASEPROD|Any CPU.Build.0 = RELEASEPROD|Any CPU
		{37CC35B4-2CA0-48EC-81DB-BCD57588B1DE}.RELEASEPROD|x64.ActiveCfg = RELEASEPROD|Any CPU
		{37CC35B4-2CA0-48EC-81DB-BCD57588B1DE}.RELEASEPROD|x64.Build.0 = RELEASEPROD|Any CPU
		{37CC35B4-2CA0-48EC-81DB-BCD57588B1DE}.RELEASEPROD|x86.ActiveCfg = RELEASEPROD|Any CPU
		{37CC35B4-2CA0-48EC-81DB-BCD57588B1DE}.RELEASEPROD|x86.Build.0 = RELEASEPROD|Any CPU
		{37CC35B4-2CA0-48EC-81DB-BCD57588B1DE}.RELEASEQA|Any CPU.ActiveCfg = RELEASEQA|Any CPU
		{37CC35B4-2CA0-48EC-81DB-BCD57588B1DE}.RELEASEQA|Any CPU.Build.0 = RELEASEQA|Any CPU
		{37CC35B4-2CA0-48EC-81DB-BCD57588B1DE}.RELEASEQA|x64.ActiveCfg = RELEASEQA|Any CPU
		{37CC35B4-2CA0-48EC-81DB-BCD57588B1DE}.RELEASEQA|x64.Build.0 = RELEASEQA|Any CPU
		{37CC35B4-2CA0-48EC-81DB-BCD57588B1DE}.RELEASEQA|x86.ActiveCfg = RELEASEQA|Any CPU
		{37CC35B4-2CA0-48EC-81DB-BCD57588B1DE}.RELEASEQA|x86.Build.0 = RELEASEQA|Any CPU
		{B0D14032-DB34-4055-8982-833EEE061B38}.Debug|Any CPU.ActiveCfg = DEBUGQA|Any CPU
		{B0D14032-DB34-4055-8982-833EEE061B38}.Debug|Any CPU.Build.0 = DEBUGQA|Any CPU
		{B0D14032-DB34-4055-8982-833EEE061B38}.Debug|x64.ActiveCfg = Debug|Any CPU
		{B0D14032-DB34-4055-8982-833EEE061B38}.Debug|x64.Build.0 = Debug|Any CPU
		{B0D14032-DB34-4055-8982-833EEE061B38}.Debug|x86.ActiveCfg = Debug|Any CPU
		{B0D14032-DB34-4055-8982-833EEE061B38}.Debug|x86.Build.0 = Debug|Any CPU
		{B0D14032-DB34-4055-8982-833EEE061B38}.DEBUGPROD|Any CPU.ActiveCfg = DEBUGPROD|Any CPU
		{B0D14032-DB34-4055-8982-833EEE061B38}.DEBUGPROD|Any CPU.Build.0 = DEBUGPROD|Any CPU
		{B0D14032-DB34-4055-8982-833EEE061B38}.DEBUGPROD|x64.ActiveCfg = DEBUGPROD|Any CPU
		{B0D14032-DB34-4055-8982-833EEE061B38}.DEBUGPROD|x64.Build.0 = DEBUGPROD|Any CPU
		{B0D14032-DB34-4055-8982-833EEE061B38}.DEBUGPROD|x86.ActiveCfg = DEBUGPROD|Any CPU
		{B0D14032-DB34-4055-8982-833EEE061B38}.DEBUGPROD|x86.Build.0 = DEBUGPROD|Any CPU
		{B0D14032-DB34-4055-8982-833EEE061B38}.DEBUGQA|Any CPU.ActiveCfg = DEBUGQA|Any CPU
		{B0D14032-DB34-4055-8982-833EEE061B38}.DEBUGQA|Any CPU.Build.0 = DEBUGQA|Any CPU
		{B0D14032-DB34-4055-8982-833EEE061B38}.DEBUGQA|x64.ActiveCfg = DEBUGQA|Any CPU
		{B0D14032-DB34-4055-8982-833EEE061B38}.DEBUGQA|x64.Build.0 = DEBUGQA|Any CPU
		{B0D14032-DB34-4055-8982-833EEE061B38}.DEBUGQA|x86.ActiveCfg = DEBUGQA|Any CPU
		{B0D14032-DB34-4055-8982-833EEE061B38}.DEBUGQA|x86.Build.0 = DEBUGQA|Any CPU
		{B0D14032-DB34-4055-8982-833EEE061B38}.Release|Any CPU.ActiveCfg = Release|Any CPU
		{B0D14032-DB34-4055-8982-833EEE061B38}.Release|Any CPU.Build.0 = Release|Any CPU
		{B0D14032-DB34-4055-8982-833EEE061B38}.Release|x64.ActiveCfg = Release|Any CPU
		{B0D14032-DB34-4055-8982-833EEE061B38}.Release|x64.Build.0 = Release|Any CPU
		{B0D14032-DB34-4055-8982-833EEE061B38}.Release|x86.ActiveCfg = Release|Any CPU
		{B0D14032-DB34-4055-8982-833EEE061B38}.Release|x86.Build.0 = Release|Any CPU
		{B0D14032-DB34-4055-8982-833EEE061B38}.RELEASEPROD|Any CPU.ActiveCfg = RELEASEPROD|Any CPU
		{B0D14032-DB34-4055-8982-833EEE061B38}.RELEASEPROD|Any CPU.Build.0 = RELEASEPROD|Any CPU
		{B0D14032-DB34-4055-8982-833EEE061B38}.RELEASEPROD|x64.ActiveCfg = RELEASEPROD|Any CPU
		{B0D14032-DB34-4055-8982-833EEE061B38}.RELEASEPROD|x64.Build.0 = RELEASEPROD|Any CPU
		{B0D14032-DB34-4055-8982-833EEE061B38}.RELEASEPROD|x86.ActiveCfg = RELEASEPROD|Any CPU
		{B0D14032-DB34-4055-8982-833EEE061B38}.RELEASEPROD|x86.Build.0 = RELEASEPROD|Any CPU
		{B0D14032-DB34-4055-8982-833EEE061B38}.RELEASEQA|Any CPU.ActiveCfg = RELEASEQA|Any CPU
		{B0D14032-DB34-4055-8982-833EEE061B38}.RELEASEQA|Any CPU.Build.0 = RELEASEQA|Any CPU
		{B0D14032-DB34-4055-8982-833EEE061B38}.RELEASEQA|x64.ActiveCfg = RELEASEQA|Any CPU
		{B0D14032-DB34-4055-8982-833EEE061B38}.RELEASEQA|x64.Build.0 = RELEASEQA|Any CPU
		{B0D14032-DB34-4055-8982-833EEE061B38}.RELEASEQA|x86.ActiveCfg = RELEASEQA|Any CPU
		{B0D14032-DB34-4055-8982-833EEE061B38}.RELEASEQA|x86.Build.0 = RELEASEQA|Any CPU
		{B4616E4B-220B-4646-8637-8B944B174647}.Debug|Any CPU.ActiveCfg = DEBUGQA|Any CPU
		{B4616E4B-220B-4646-8637-8B944B174647}.Debug|Any CPU.Build.0 = DEBUGQA|Any CPU
		{B4616E4B-220B-4646-8637-8B944B174647}.Debug|x64.ActiveCfg = Debug|Any CPU
		{B4616E4B-220B-4646-8637-8B944B174647}.Debug|x64.Build.0 = Debug|Any CPU
		{B4616E4B-220B-4646-8637-8B944B174647}.Debug|x86.ActiveCfg = Debug|Any CPU
		{B4616E4B-220B-4646-8637-8B944B174647}.Debug|x86.Build.0 = Debug|Any CPU
		{B4616E4B-220B-4646-8637-8B944B174647}.DEBUGPROD|Any CPU.ActiveCfg = DEBUGPROD|Any CPU
		{B4616E4B-220B-4646-8637-8B944B174647}.DEBUGPROD|Any CPU.Build.0 = DEBUGPROD|Any CPU
		{B4616E4B-220B-4646-8637-8B944B174647}.DEBUGPROD|x64.ActiveCfg = DEBUGPROD|Any CPU
		{B4616E4B-220B-4646-8637-8B944B174647}.DEBUGPROD|x64.Build.0 = DEBUGPROD|Any CPU
		{B4616E4B-220B-4646-8637-8B944B174647}.DEBUGPROD|x86.ActiveCfg = DEBUGPROD|Any CPU
		{B4616E4B-220B-4646-8637-8B944B174647}.DEBUGPROD|x86.Build.0 = DEBUGPROD|Any CPU
		{B4616E4B-220B-4646-8637-8B944B174647}.DEBUGQA|Any CPU.ActiveCfg = DEBUGQA|Any CPU
		{B4616E4B-220B-4646-8637-8B944B174647}.DEBUGQA|Any CPU.Build.0 = DEBUGQA|Any CPU
		{B4616E4B-220B-4646-8637-8B944B174647}.DEBUGQA|x64.ActiveCfg = DEBUGQA|Any CPU
		{B4616E4B-220B-4646-8637-8B944B174647}.DEBUGQA|x64.Build.0 = DEBUGQA|Any CPU
		{B4616E4B-220B-4646-8637-8B944B174647}.DEBUGQA|x86.ActiveCfg = DEBUGQA|Any CPU
		{B4616E4B-220B-4646-8637-8B944B174647}.DEBUGQA|x86.Build.0 = DEBUGQA|Any CPU
		{B4616E4B-220B-4646-8637-8B944B174647}.Release|Any CPU.ActiveCfg = Release|Any CPU
		{B4616E4B-220B-4646-8637-8B944B174647}.Release|Any CPU.Build.0 = Release|Any CPU
		{B4616E4B-220B-4646-8637-8B944B174647}.Release|x64.ActiveCfg = Release|Any CPU
		{B4616E4B-220B-4646-8637-8B944B174647}.Release|x64.Build.0 = Release|Any CPU
		{B4616E4B-220B-4646-8637-8B944B174647}.Release|x86.ActiveCfg = Release|Any CPU
		{B4616E4B-220B-4646-8637-8B944B174647}.Release|x86.Build.0 = Release|Any CPU
		{B4616E4B-220B-4646-8637-8B944B174647}.RELEASEPROD|Any CPU.ActiveCfg = RELEASEPROD|Any CPU
		{B4616E4B-220B-4646-8637-8B944B174647}.RELEASEPROD|Any CPU.Build.0 = RELEASEPROD|Any CPU
		{B4616E4B-220B-4646-8637-8B944B174647}.RELEASEPROD|x64.ActiveCfg = RELEASEPROD|Any CPU
		{B4616E4B-220B-4646-8637-8B944B174647}.RELEASEPROD|x64.Build.0 = RELEASEPROD|Any CPU
		{B4616E4B-220B-4646-8637-8B944B174647}.RELEASEPROD|x86.ActiveCfg = RELEASEPROD|Any CPU
		{B4616E4B-220B-4646-8637-8B944B174647}.RELEASEPROD|x86.Build.0 = RELEASEPROD|Any CPU
		{B4616E4B-220B-4646-8637-8B944B174647}.RELEASEQA|Any CPU.ActiveCfg = RELEASEQA|Any CPU
		{B4616E4B-220B-4646-8637-8B944B174647}.RELEASEQA|Any CPU.Build.0 = RELEASEQA|Any CPU
		{B4616E4B-220B-4646-8637-8B944B174647}.RELEASEQA|x64.ActiveCfg = RELEASEQA|Any CPU
		{B4616E4B-220B-4646-8637-8B944B174647}.RELEASEQA|x64.Build.0 = RELEASEQA|Any CPU
		{B4616E4B-220B-4646-8637-8B944B174647}.RELEASEQA|x86.ActiveCfg = RELEASEQA|Any CPU
		{B4616E4B-220B-4646-8637-8B944B174647}.RELEASEQA|x86.Build.0 = RELEASEQA|Any CPU
		{764E57AC-32D3-4359-834A-F75E419DBEE4}.Debug|Any CPU.ActiveCfg = DEBUGQA|Any CPU
		{764E57AC-32D3-4359-834A-F75E419DBEE4}.Debug|Any CPU.Build.0 = DEBUGQA|Any CPU
		{764E57AC-32D3-4359-834A-F75E419DBEE4}.Debug|x64.ActiveCfg = Debug|Any CPU
		{764E57AC-32D3-4359-834A-F75E419DBEE4}.Debug|x64.Build.0 = Debug|Any CPU
		{764E57AC-32D3-4359-834A-F75E419DBEE4}.Debug|x86.ActiveCfg = Debug|Any CPU
		{764E57AC-32D3-4359-834A-F75E419DBEE4}.Debug|x86.Build.0 = Debug|Any CPU
		{764E57AC-32D3-4359-834A-F75E419DBEE4}.DEBUGPROD|Any CPU.ActiveCfg = DEBUGPROD|Any CPU
		{764E57AC-32D3-4359-834A-F75E419DBEE4}.DEBUGPROD|Any CPU.Build.0 = DEBUGPROD|Any CPU
		{764E57AC-32D3-4359-834A-F75E419DBEE4}.DEBUGPROD|x64.ActiveCfg = DEBUGPROD|Any CPU
		{764E57AC-32D3-4359-834A-F75E419DBEE4}.DEBUGPROD|x64.Build.0 = DEBUGPROD|Any CPU
		{764E57AC-32D3-4359-834A-F75E419DBEE4}.DEBUGPROD|x86.ActiveCfg = DEBUGPROD|Any CPU
		{764E57AC-32D3-4359-834A-F75E419DBEE4}.DEBUGPROD|x86.Build.0 = DEBUGPROD|Any CPU
		{764E57AC-32D3-4359-834A-F75E419DBEE4}.DEBUGQA|Any CPU.ActiveCfg = DEBUGQA|Any CPU
		{764E57AC-32D3-4359-834A-F75E419DBEE4}.DEBUGQA|Any CPU.Build.0 = DEBUGQA|Any CPU
		{764E57AC-32D3-4359-834A-F75E419DBEE4}.DEBUGQA|x64.ActiveCfg = DEBUGQA|Any CPU
		{764E57AC-32D3-4359-834A-F75E419DBEE4}.DEBUGQA|x64.Build.0 = DEBUGQA|Any CPU
		{764E57AC-32D3-4359-834A-F75E419DBEE4}.DEBUGQA|x86.ActiveCfg = DEBUGQA|Any CPU
		{764E57AC-32D3-4359-834A-F75E419DBEE4}.DEBUGQA|x86.Build.0 = DEBUGQA|Any CPU
		{764E57AC-32D3-4359-834A-F75E419DBEE4}.Release|Any CPU.ActiveCfg = Release|Any CPU
		{764E57AC-32D3-4359-834A-F75E419DBEE4}.Release|Any CPU.Build.0 = Release|Any CPU
		{764E57AC-32D3-4359-834A-F75E419DBEE4}.Release|x64.ActiveCfg = Release|Any CPU
		{764E57AC-32D3-4359-834A-F75E419DBEE4}.Release|x64.Build.0 = Release|Any CPU
		{764E57AC-32D3-4359-834A-F75E419DBEE4}.Release|x86.ActiveCfg = Release|Any CPU
		{764E57AC-32D3-4359-834A-F75E419DBEE4}.Release|x86.Build.0 = Release|Any CPU
		{764E57AC-32D3-4359-834A-F75E419DBEE4}.RELEASEPROD|Any CPU.ActiveCfg = RELEASEPROD|Any CPU
		{764E57AC-32D3-4359-834A-F75E419DBEE4}.RELEASEPROD|Any CPU.Build.0 = RELEASEPROD|Any CPU
		{764E57AC-32D3-4359-834A-F75E419DBEE4}.RELEASEPROD|x64.ActiveCfg = RELEASEPROD|Any CPU
		{764E57AC-32D3-4359-834A-F75E419DBEE4}.RELEASEPROD|x64.Build.0 = RELEASEPROD|Any CPU
		{764E57AC-32D3-4359-834A-F75E419DBEE4}.RELEASEPROD|x86.ActiveCfg = RELEASEPROD|Any CPU
		{764E57AC-32D3-4359-834A-F75E419DBEE4}.RELEASEPROD|x86.Build.0 = RELEASEPROD|Any CPU
		{764E57AC-32D3-4359-834A-F75E419DBEE4}.RELEASEQA|Any CPU.ActiveCfg = RELEASEQA|Any CPU
		{764E57AC-32D3-4359-834A-F75E419DBEE4}.RELEASEQA|Any CPU.Build.0 = RELEASEQA|Any CPU
		{764E57AC-32D3-4359-834A-F75E419DBEE4}.RELEASEQA|x64.ActiveCfg = RELEASEQA|Any CPU
		{764E57AC-32D3-4359-834A-F75E419DBEE4}.RELEASEQA|x64.Build.0 = RELEASEQA|Any CPU
		{764E57AC-32D3-4359-834A-F75E419DBEE4}.RELEASEQA|x86.ActiveCfg = RELEASEQA|Any CPU
		{764E57AC-32D3-4359-834A-F75E419DBEE4}.RELEASEQA|x86.Build.0 = RELEASEQA|Any CPU
		{4B539745-B11A-49DA-B20E-A1FF43B0FA49}.Debug|Any CPU.ActiveCfg = DEBUGQA|Any CPU
		{4B539745-B11A-49DA-B20E-A1FF43B0FA49}.Debug|Any CPU.Build.0 = DEBUGQA|Any CPU
		{4B539745-B11A-49DA-B20E-A1FF43B0FA49}.Debug|x64.ActiveCfg = Debug|Any CPU
		{4B539745-B11A-49DA-B20E-A1FF43B0FA49}.Debug|x64.Build.0 = Debug|Any CPU
		{4B539745-B11A-49DA-B20E-A1FF43B0FA49}.Debug|x86.ActiveCfg = Debug|Any CPU
		{4B539745-B11A-49DA-B20E-A1FF43B0FA49}.Debug|x86.Build.0 = Debug|Any CPU
		{4B539745-B11A-49DA-B20E-A1FF43B0FA49}.DEBUGPROD|Any CPU.ActiveCfg = DEBUGPROD|Any CPU
		{4B539745-B11A-49DA-B20E-A1FF43B0FA49}.DEBUGPROD|Any CPU.Build.0 = DEBUGPROD|Any CPU
		{4B539745-B11A-49DA-B20E-A1FF43B0FA49}.DEBUGPROD|x64.ActiveCfg = DEBUGPROD|Any CPU
		{4B539745-B11A-49DA-B20E-A1FF43B0FA49}.DEBUGPROD|x64.Build.0 = DEBUGPROD|Any CPU
		{4B539745-B11A-49DA-B20E-A1FF43B0FA49}.DEBUGPROD|x86.ActiveCfg = DEBUGPROD|Any CPU
		{4B539745-B11A-49DA-B20E-A1FF43B0FA49}.DEBUGPROD|x86.Build.0 = DEBUGPROD|Any CPU
		{4B539745-B11A-49DA-B20E-A1FF43B0FA49}.DEBUGQA|Any CPU.ActiveCfg = DEBUGQA|Any CPU
		{4B539745-B11A-49DA-B20E-A1FF43B0FA49}.DEBUGQA|Any CPU.Build.0 = DEBUGQA|Any CPU
		{4B539745-B11A-49DA-B20E-A1FF43B0FA49}.DEBUGQA|x64.ActiveCfg = DEBUGQA|Any CPU
		{4B539745-B11A-49DA-B20E-A1FF43B0FA49}.DEBUGQA|x64.Build.0 = DEBUGQA|Any CPU
		{4B539745-B11A-49DA-B20E-A1FF43B0FA49}.DEBUGQA|x86.ActiveCfg = DEBUGQA|Any CPU
		{4B539745-B11A-49DA-B20E-A1FF43B0FA49}.DEBUGQA|x86.Build.0 = DEBUGQA|Any CPU
		{4B539745-B11A-49DA-B20E-A1FF43B0FA49}.Release|Any CPU.ActiveCfg = Release|Any CPU
		{4B539745-B11A-49DA-B20E-A1FF43B0FA49}.Release|Any CPU.Build.0 = Release|Any CPU
		{4B539745-B11A-49DA-B20E-A1FF43B0FA49}.Release|x64.ActiveCfg = Release|Any CPU
		{4B539745-B11A-49DA-B20E-A1FF43B0FA49}.Release|x64.Build.0 = Release|Any CPU
		{4B539745-B11A-49DA-B20E-A1FF43B0FA49}.Release|x86.ActiveCfg = Release|Any CPU
		{4B539745-B11A-49DA-B20E-A1FF43B0FA49}.Release|x86.Build.0 = Release|Any CPU
		{4B539745-B11A-49DA-B20E-A1FF43B0FA49}.RELEASEPROD|Any CPU.ActiveCfg = RELEASEPROD|Any CPU
		{4B539745-B11A-49DA-B20E-A1FF43B0FA49}.RELEASEPROD|Any CPU.Build.0 = RELEASEPROD|Any CPU
		{4B539745-B11A-49DA-B20E-A1FF43B0FA49}.RELEASEPROD|x64.ActiveCfg = RELEASEPROD|Any CPU
		{4B539745-B11A-49DA-B20E-A1FF43B0FA49}.RELEASEPROD|x64.Build.0 = RELEASEPROD|Any CPU
		{4B539745-B11A-49DA-B20E-A1FF43B0FA49}.RELEASEPROD|x86.ActiveCfg = RELEASEPROD|Any CPU
		{4B539745-B11A-49DA-B20E-A1FF43B0FA49}.RELEASEPROD|x86.Build.0 = RELEASEPROD|Any CPU
		{4B539745-B11A-49DA-B20E-A1FF43B0FA49}.RELEASEQA|Any CPU.ActiveCfg = RELEASEQA|Any CPU
		{4B539745-B11A-49DA-B20E-A1FF43B0FA49}.RELEASEQA|Any CPU.Build.0 = RELEASEQA|Any CPU
		{4B539745-B11A-49DA-B20E-A1FF43B0FA49}.RELEASEQA|x64.ActiveCfg = RELEASEQA|Any CPU
		{4B539745-B11A-49DA-B20E-A1FF43B0FA49}.RELEASEQA|x64.Build.0 = RELEASEQA|Any CPU
		{4B539745-B11A-49DA-B20E-A1FF43B0FA49}.RELEASEQA|x86.ActiveCfg = RELEASEQA|Any CPU
		{4B539745-B11A-49DA-B20E-A1FF43B0FA49}.RELEASEQA|x86.Build.0 = RELEASEQA|Any CPU
		{0555A8DF-1082-4ACB-8AD3-321627C94B42}.Debug|Any CPU.ActiveCfg = DEBUGQA|Any CPU
		{0555A8DF-1082-4ACB-8AD3-321627C94B42}.Debug|Any CPU.Build.0 = DEBUGQA|Any CPU
		{0555A8DF-1082-4ACB-8AD3-321627C94B42}.Debug|x64.ActiveCfg = Debug|Any CPU
		{0555A8DF-1082-4ACB-8AD3-321627C94B42}.Debug|x64.Build.0 = Debug|Any CPU
		{0555A8DF-1082-4ACB-8AD3-321627C94B42}.Debug|x86.ActiveCfg = Debug|Any CPU
		{0555A8DF-1082-4ACB-8AD3-321627C94B42}.Debug|x86.Build.0 = Debug|Any CPU
		{0555A8DF-1082-4ACB-8AD3-321627C94B42}.DEBUGPROD|Any CPU.ActiveCfg = DEBUGPROD|Any CPU
		{0555A8DF-1082-4ACB-8AD3-321627C94B42}.DEBUGPROD|Any CPU.Build.0 = DEBUGPROD|Any CPU
		{0555A8DF-1082-4ACB-8AD3-321627C94B42}.DEBUGPROD|x64.ActiveCfg = DEBUGPROD|Any CPU
		{0555A8DF-1082-4ACB-8AD3-321627C94B42}.DEBUGPROD|x64.Build.0 = DEBUGPROD|Any CPU
		{0555A8DF-1082-4ACB-8AD3-321627C94B42}.DEBUGPROD|x86.ActiveCfg = DEBUGPROD|Any CPU
		{0555A8DF-1082-4ACB-8AD3-321627C94B42}.DEBUGPROD|x86.Build.0 = DEBUGPROD|Any CPU
		{0555A8DF-1082-4ACB-8AD3-321627C94B42}.DEBUGQA|Any CPU.ActiveCfg = DEBUGQA|Any CPU
		{0555A8DF-1082-4ACB-8AD3-321627C94B42}.DEBUGQA|Any CPU.Build.0 = DEBUGQA|Any CPU
		{0555A8DF-1082-4ACB-8AD3-321627C94B42}.DEBUGQA|x64.ActiveCfg = DEBUGQA|Any CPU
		{0555A8DF-1082-4ACB-8AD3-321627C94B42}.DEBUGQA|x64.Build.0 = DEBUGQA|Any CPU
		{0555A8DF-1082-4ACB-8AD3-321627C94B42}.DEBUGQA|x86.ActiveCfg = DEBUGQA|Any CPU
		{0555A8DF-1082-4ACB-8AD3-321627C94B42}.DEBUGQA|x86.Build.0 = DEBUGQA|Any CPU
		{0555A8DF-1082-4ACB-8AD3-321627C94B42}.Release|Any CPU.ActiveCfg = Release|Any CPU
		{0555A8DF-1082-4ACB-8AD3-321627C94B42}.Release|Any CPU.Build.0 = Release|Any CPU
		{0555A8DF-1082-4ACB-8AD3-321627C94B42}.Release|x64.ActiveCfg = Release|Any CPU
		{0555A8DF-1082-4ACB-8AD3-321627C94B42}.Release|x64.Build.0 = Release|Any CPU
		{0555A8DF-1082-4ACB-8AD3-321627C94B42}.Release|x86.ActiveCfg = Release|Any CPU
		{0555A8DF-1082-4ACB-8AD3-321627C94B42}.Release|x86.Build.0 = Release|Any CPU
		{0555A8DF-1082-4ACB-8AD3-321627C94B42}.RELEASEPROD|Any CPU.ActiveCfg = RELEASEPROD|Any CPU
		{0555A8DF-1082-4ACB-8AD3-321627C94B42}.RELEASEPROD|Any CPU.Build.0 = RELEASEPROD|Any CPU
		{0555A8DF-1082-4ACB-8AD3-321627C94B42}.RELEASEPROD|x64.ActiveCfg = RELEASEPROD|Any CPU
		{0555A8DF-1082-4ACB-8AD3-321627C94B42}.RELEASEPROD|x64.Build.0 = RELEASEPROD|Any CPU
		{0555A8DF-1082-4ACB-8AD3-321627C94B42}.RELEASEPROD|x86.ActiveCfg = RELEASEPROD|Any CPU
		{0555A8DF-1082-4ACB-8AD3-321627C94B42}.RELEASEPROD|x86.Build.0 = RELEASEPROD|Any CPU
		{0555A8DF-1082-4ACB-8AD3-321627C94B42}.RELEASEQA|Any CPU.ActiveCfg = RELEASEQA|Any CPU
		{0555A8DF-1082-4ACB-8AD3-321627C94B42}.RELEASEQA|Any CPU.Build.0 = RELEASEQA|Any CPU
		{0555A8DF-1082-4ACB-8AD3-321627C94B42}.RELEASEQA|x64.ActiveCfg = RELEASEQA|Any CPU
		{0555A8DF-1082-4ACB-8AD3-321627C94B42}.RELEASEQA|x64.Build.0 = RELEASEQA|Any CPU
		{0555A8DF-1082-4ACB-8AD3-321627C94B42}.RELEASEQA|x86.ActiveCfg = RELEASEQA|Any CPU
		{0555A8DF-1082-4ACB-8AD3-321627C94B42}.RELEASEQA|x86.Build.0 = RELEASEQA|Any CPU
		{570C37AF-4B75-473F-95C0-AFAD05EA1159}.Debug|Any CPU.ActiveCfg = Debug|Any CPU
		{570C37AF-4B75-473F-95C0-AFAD05EA1159}.Debug|Any CPU.Build.0 = Debug|Any CPU
		{570C37AF-4B75-473F-95C0-AFAD05EA1159}.Debug|x64.ActiveCfg = Debug|Any CPU
		{570C37AF-4B75-473F-95C0-AFAD05EA1159}.Debug|x64.Build.0 = Debug|Any CPU
		{570C37AF-4B75-473F-95C0-AFAD05EA1159}.Debug|x86.ActiveCfg = Debug|Any CPU
		{570C37AF-4B75-473F-95C0-AFAD05EA1159}.Debug|x86.Build.0 = Debug|Any CPU
		{570C37AF-4B75-473F-95C0-AFAD05EA1159}.DEBUGPROD|Any CPU.ActiveCfg = Debug|Any CPU
		{570C37AF-4B75-473F-95C0-AFAD05EA1159}.DEBUGPROD|Any CPU.Build.0 = Debug|Any CPU
		{570C37AF-4B75-473F-95C0-AFAD05EA1159}.DEBUGPROD|x64.ActiveCfg = DEBUGPROD|Any CPU
		{570C37AF-4B75-473F-95C0-AFAD05EA1159}.DEBUGPROD|x64.Build.0 = DEBUGPROD|Any CPU
		{570C37AF-4B75-473F-95C0-AFAD05EA1159}.DEBUGPROD|x86.ActiveCfg = DEBUGPROD|Any CPU
		{570C37AF-4B75-473F-95C0-AFAD05EA1159}.DEBUGPROD|x86.Build.0 = DEBUGPROD|Any CPU
		{570C37AF-4B75-473F-95C0-AFAD05EA1159}.DEBUGQA|Any CPU.ActiveCfg = Debug|Any CPU
		{570C37AF-4B75-473F-95C0-AFAD05EA1159}.DEBUGQA|Any CPU.Build.0 = Debug|Any CPU
		{570C37AF-4B75-473F-95C0-AFAD05EA1159}.DEBUGQA|x64.ActiveCfg = DEBUGQA|Any CPU
		{570C37AF-4B75-473F-95C0-AFAD05EA1159}.DEBUGQA|x64.Build.0 = DEBUGQA|Any CPU
		{570C37AF-4B75-473F-95C0-AFAD05EA1159}.DEBUGQA|x86.ActiveCfg = DEBUGQA|Any CPU
		{570C37AF-4B75-473F-95C0-AFAD05EA1159}.DEBUGQA|x86.Build.0 = DEBUGQA|Any CPU
		{570C37AF-4B75-473F-95C0-AFAD05EA1159}.Release|Any CPU.ActiveCfg = DEBUGQA|Any CPU
		{570C37AF-4B75-473F-95C0-AFAD05EA1159}.Release|Any CPU.Build.0 = DEBUGQA|Any CPU
		{570C37AF-4B75-473F-95C0-AFAD05EA1159}.Release|x64.ActiveCfg = DEBUGQA|Any CPU
		{570C37AF-4B75-473F-95C0-AFAD05EA1159}.Release|x64.Build.0 = DEBUGQA|Any CPU
		{570C37AF-4B75-473F-95C0-AFAD05EA1159}.Release|x86.ActiveCfg = DEBUGQA|Any CPU
		{570C37AF-4B75-473F-95C0-AFAD05EA1159}.Release|x86.Build.0 = DEBUGQA|Any CPU
		{570C37AF-4B75-473F-95C0-AFAD05EA1159}.RELEASEPROD|Any CPU.ActiveCfg = RELEASEPROD|Any CPU
		{570C37AF-4B75-473F-95C0-AFAD05EA1159}.RELEASEPROD|Any CPU.Build.0 = RELEASEPROD|Any CPU
		{570C37AF-4B75-473F-95C0-AFAD05EA1159}.RELEASEPROD|x64.ActiveCfg = RELEASEPROD|Any CPU
		{570C37AF-4B75-473F-95C0-AFAD05EA1159}.RELEASEPROD|x64.Build.0 = RELEASEPROD|Any CPU
		{570C37AF-4B75-473F-95C0-AFAD05EA1159}.RELEASEPROD|x86.ActiveCfg = RELEASEPROD|Any CPU
		{570C37AF-4B75-473F-95C0-AFAD05EA1159}.RELEASEPROD|x86.Build.0 = RELEASEPROD|Any CPU
		{570C37AF-4B75-473F-95C0-AFAD05EA1159}.RELEASEQA|Any CPU.ActiveCfg = RELEASEQA|Any CPU
		{570C37AF-4B75-473F-95C0-AFAD05EA1159}.RELEASEQA|Any CPU.Build.0 = RELEASEQA|Any CPU
		{570C37AF-4B75-473F-95C0-AFAD05EA1159}.RELEASEQA|x64.ActiveCfg = RELEASEQA|Any CPU
		{570C37AF-4B75-473F-95C0-AFAD05EA1159}.RELEASEQA|x64.Build.0 = RELEASEQA|Any CPU
		{570C37AF-4B75-473F-95C0-AFAD05EA1159}.RELEASEQA|x86.ActiveCfg = RELEASEQA|Any CPU
		{570C37AF-4B75-473F-95C0-AFAD05EA1159}.RELEASEQA|x86.Build.0 = RELEASEQA|Any CPU
		{BAF860DB-79DA-4543-8F3A-7B60AACD252F}.Debug|Any CPU.ActiveCfg = Debug|Any CPU
		{BAF860DB-79DA-4543-8F3A-7B60AACD252F}.Debug|Any CPU.Build.0 = Debug|Any CPU
		{BAF860DB-79DA-4543-8F3A-7B60AACD252F}.Debug|x64.ActiveCfg = Debug|Any CPU
		{BAF860DB-79DA-4543-8F3A-7B60AACD252F}.Debug|x64.Build.0 = Debug|Any CPU
		{BAF860DB-79DA-4543-8F3A-7B60AACD252F}.Debug|x86.ActiveCfg = Debug|Any CPU
		{BAF860DB-79DA-4543-8F3A-7B60AACD252F}.Debug|x86.Build.0 = Debug|Any CPU
		{BAF860DB-79DA-4543-8F3A-7B60AACD252F}.DEBUGPROD|Any CPU.ActiveCfg = DEBUGPROD|Any CPU
		{BAF860DB-79DA-4543-8F3A-7B60AACD252F}.DEBUGPROD|Any CPU.Build.0 = DEBUGPROD|Any CPU
		{BAF860DB-79DA-4543-8F3A-7B60AACD252F}.DEBUGPROD|x64.ActiveCfg = DEBUGPROD|Any CPU
		{BAF860DB-79DA-4543-8F3A-7B60AACD252F}.DEBUGPROD|x64.Build.0 = DEBUGPROD|Any CPU
		{BAF860DB-79DA-4543-8F3A-7B60AACD252F}.DEBUGPROD|x86.ActiveCfg = DEBUGPROD|Any CPU
		{BAF860DB-79DA-4543-8F3A-7B60AACD252F}.DEBUGPROD|x86.Build.0 = DEBUGPROD|Any CPU
		{BAF860DB-79DA-4543-8F3A-7B60AACD252F}.DEBUGQA|Any CPU.ActiveCfg = DEBUGQA|Any CPU
		{BAF860DB-79DA-4543-8F3A-7B60AACD252F}.DEBUGQA|Any CPU.Build.0 = DEBUGQA|Any CPU
		{BAF860DB-79DA-4543-8F3A-7B60AACD252F}.DEBUGQA|x64.ActiveCfg = DEBUGQA|Any CPU
		{BAF860DB-79DA-4543-8F3A-7B60AACD252F}.DEBUGQA|x64.Build.0 = DEBUGQA|Any CPU
		{BAF860DB-79DA-4543-8F3A-7B60AACD252F}.DEBUGQA|x86.ActiveCfg = DEBUGQA|Any CPU
		{BAF860DB-79DA-4543-8F3A-7B60AACD252F}.DEBUGQA|x86.Build.0 = DEBUGQA|Any CPU
		{BAF860DB-79DA-4543-8F3A-7B60AACD252F}.Release|Any CPU.ActiveCfg = DEBUGQA|Any CPU
		{BAF860DB-79DA-4543-8F3A-7B60AACD252F}.Release|Any CPU.Build.0 = DEBUGQA|Any CPU
		{BAF860DB-79DA-4543-8F3A-7B60AACD252F}.Release|x64.ActiveCfg = DEBUGQA|Any CPU
		{BAF860DB-79DA-4543-8F3A-7B60AACD252F}.Release|x64.Build.0 = DEBUGQA|Any CPU
		{BAF860DB-79DA-4543-8F3A-7B60AACD252F}.Release|x86.ActiveCfg = DEBUGQA|Any CPU
		{BAF860DB-79DA-4543-8F3A-7B60AACD252F}.Release|x86.Build.0 = DEBUGQA|Any CPU
		{BAF860DB-79DA-4543-8F3A-7B60AACD252F}.RELEASEPROD|Any CPU.ActiveCfg = RELEASEPROD|Any CPU
		{BAF860DB-79DA-4543-8F3A-7B60AACD252F}.RELEASEPROD|Any CPU.Build.0 = RELEASEPROD|Any CPU
		{BAF860DB-79DA-4543-8F3A-7B60AACD252F}.RELEASEPROD|x64.ActiveCfg = RELEASEPROD|Any CPU
		{BAF860DB-79DA-4543-8F3A-7B60AACD252F}.RELEASEPROD|x64.Build.0 = RELEASEPROD|Any CPU
		{BAF860DB-79DA-4543-8F3A-7B60AACD252F}.RELEASEPROD|x86.ActiveCfg = RELEASEPROD|Any CPU
		{BAF860DB-79DA-4543-8F3A-7B60AACD252F}.RELEASEPROD|x86.Build.0 = RELEASEPROD|Any CPU
		{BAF860DB-79DA-4543-8F3A-7B60AACD252F}.RELEASEQA|Any CPU.ActiveCfg = RELEASEQA|Any CPU
		{BAF860DB-79DA-4543-8F3A-7B60AACD252F}.RELEASEQA|Any CPU.Build.0 = RELEASEQA|Any CPU
		{BAF860DB-79DA-4543-8F3A-7B60AACD252F}.RELEASEQA|x64.ActiveCfg = RELEASEQA|Any CPU
		{BAF860DB-79DA-4543-8F3A-7B60AACD252F}.RELEASEQA|x64.Build.0 = RELEASEQA|Any CPU
		{BAF860DB-79DA-4543-8F3A-7B60AACD252F}.RELEASEQA|x86.ActiveCfg = RELEASEQA|Any CPU
		{BAF860DB-79DA-4543-8F3A-7B60AACD252F}.RELEASEQA|x86.Build.0 = RELEASEQA|Any CPU
		{21D0BCFD-3968-4CA7-AD97-4871FE81868C}.Debug|Any CPU.ActiveCfg = Debug|Any CPU
		{21D0BCFD-3968-4CA7-AD97-4871FE81868C}.Debug|Any CPU.Build.0 = Debug|Any CPU
		{21D0BCFD-3968-4CA7-AD97-4871FE81868C}.Debug|x64.ActiveCfg = Debug|Any CPU
		{21D0BCFD-3968-4CA7-AD97-4871FE81868C}.Debug|x64.Build.0 = Debug|Any CPU
		{21D0BCFD-3968-4CA7-AD97-4871FE81868C}.Debug|x86.ActiveCfg = Debug|Any CPU
		{21D0BCFD-3968-4CA7-AD97-4871FE81868C}.Debug|x86.Build.0 = Debug|Any CPU
		{21D0BCFD-3968-4CA7-AD97-4871FE81868C}.DEBUGPROD|Any CPU.ActiveCfg = DEBUGPROD|Any CPU
		{21D0BCFD-3968-4CA7-AD97-4871FE81868C}.DEBUGPROD|Any CPU.Build.0 = DEBUGPROD|Any CPU
		{21D0BCFD-3968-4CA7-AD97-4871FE81868C}.DEBUGPROD|x64.ActiveCfg = DEBUGPROD|Any CPU
		{21D0BCFD-3968-4CA7-AD97-4871FE81868C}.DEBUGPROD|x64.Build.0 = DEBUGPROD|Any CPU
		{21D0BCFD-3968-4CA7-AD97-4871FE81868C}.DEBUGPROD|x86.ActiveCfg = DEBUGPROD|Any CPU
		{21D0BCFD-3968-4CA7-AD97-4871FE81868C}.DEBUGPROD|x86.Build.0 = DEBUGPROD|Any CPU
		{21D0BCFD-3968-4CA7-AD97-4871FE81868C}.DEBUGQA|Any CPU.ActiveCfg = DEBUGQA|Any CPU
		{21D0BCFD-3968-4CA7-AD97-4871FE81868C}.DEBUGQA|Any CPU.Build.0 = DEBUGQA|Any CPU
		{21D0BCFD-3968-4CA7-AD97-4871FE81868C}.DEBUGQA|x64.ActiveCfg = DEBUGQA|Any CPU
		{21D0BCFD-3968-4CA7-AD97-4871FE81868C}.DEBUGQA|x64.Build.0 = DEBUGQA|Any CPU
		{21D0BCFD-3968-4CA7-AD97-4871FE81868C}.DEBUGQA|x86.ActiveCfg = DEBUGQA|Any CPU
		{21D0BCFD-3968-4CA7-AD97-4871FE81868C}.DEBUGQA|x86.Build.0 = DEBUGQA|Any CPU
		{21D0BCFD-3968-4CA7-AD97-4871FE81868C}.Release|Any CPU.ActiveCfg = DEBUGQA|Any CPU
		{21D0BCFD-3968-4CA7-AD97-4871FE81868C}.Release|Any CPU.Build.0 = DEBUGQA|Any CPU
		{21D0BCFD-3968-4CA7-AD97-4871FE81868C}.Release|x64.ActiveCfg = DEBUGQA|Any CPU
		{21D0BCFD-3968-4CA7-AD97-4871FE81868C}.Release|x64.Build.0 = DEBUGQA|Any CPU
		{21D0BCFD-3968-4CA7-AD97-4871FE81868C}.Release|x86.ActiveCfg = DEBUGQA|Any CPU
		{21D0BCFD-3968-4CA7-AD97-4871FE81868C}.Release|x86.Build.0 = DEBUGQA|Any CPU
		{21D0BCFD-3968-4CA7-AD97-4871FE81868C}.RELEASEPROD|Any CPU.ActiveCfg = RELEASEPROD|Any CPU
		{21D0BCFD-3968-4CA7-AD97-4871FE81868C}.RELEASEPROD|Any CPU.Build.0 = RELEASEPROD|Any CPU
		{21D0BCFD-3968-4CA7-AD97-4871FE81868C}.RELEASEPROD|x64.ActiveCfg = RELEASEPROD|Any CPU
		{21D0BCFD-3968-4CA7-AD97-4871FE81868C}.RELEASEPROD|x64.Build.0 = RELEASEPROD|Any CPU
		{21D0BCFD-3968-4CA7-AD97-4871FE81868C}.RELEASEPROD|x86.ActiveCfg = RELEASEPROD|Any CPU
		{21D0BCFD-3968-4CA7-AD97-4871FE81868C}.RELEASEPROD|x86.Build.0 = RELEASEPROD|Any CPU
		{21D0BCFD-3968-4CA7-AD97-4871FE81868C}.RELEASEQA|Any CPU.ActiveCfg = RELEASEQA|Any CPU
		{21D0BCFD-3968-4CA7-AD97-4871FE81868C}.RELEASEQA|Any CPU.Build.0 = RELEASEQA|Any CPU
		{21D0BCFD-3968-4CA7-AD97-4871FE81868C}.RELEASEQA|x64.ActiveCfg = RELEASEQA|Any CPU
		{21D0BCFD-3968-4CA7-AD97-4871FE81868C}.RELEASEQA|x64.Build.0 = RELEASEQA|Any CPU
		{21D0BCFD-3968-4CA7-AD97-4871FE81868C}.RELEASEQA|x86.ActiveCfg = RELEASEQA|Any CPU
		{21D0BCFD-3968-4CA7-AD97-4871FE81868C}.RELEASEQA|x86.Build.0 = RELEASEQA|Any CPU
	EndGlobalSection
	GlobalSection(SolutionProperties) = preSolution
		HideSolutionNode = FALSE
	EndGlobalSection
	GlobalSection(NestedProjects) = preSolution
		{6ECDBDCA-DA4E-43B5-AEEA-DE73C414DFEC} = {68E6FF90-23C9-4F22-AF05-4A4DA9E2C08E}
		{37CC35B4-2CA0-48EC-81DB-BCD57588B1DE} = {C2DA4984-7DCC-45E7-A4B4-7876C0685B72}
		{C2DA4984-7DCC-45E7-A4B4-7876C0685B72} = {6B5268AC-E0C1-47BC-99A3-9AD6B504161C}
		{B0D14032-DB34-4055-8982-833EEE061B38} = {C2DA4984-7DCC-45E7-A4B4-7876C0685B72}
		{B4616E4B-220B-4646-8637-8B944B174647} = {C2DA4984-7DCC-45E7-A4B4-7876C0685B72}
		{A0B7B6A8-29EA-4A33-B511-C0B366E504C2} = {6B5268AC-E0C1-47BC-99A3-9AD6B504161C}
		{0564B996-252C-4B20-9A59-3DEE40CC3C73} = {6B5268AC-E0C1-47BC-99A3-9AD6B504161C}
		{764E57AC-32D3-4359-834A-F75E419DBEE4} = {A0B7B6A8-29EA-4A33-B511-C0B366E504C2}
		{4B539745-B11A-49DA-B20E-A1FF43B0FA49} = {0564B996-252C-4B20-9A59-3DEE40CC3C73}
		{0555A8DF-1082-4ACB-8AD3-321627C94B42} = {C2DA4984-7DCC-45E7-A4B4-7876C0685B72}
		{75F0F874-A04B-C129-DAFA-A337657B0E51} = {6B5268AC-E0C1-47BC-99A3-9AD6B504161C}
		{570C37AF-4B75-473F-95C0-AFAD05EA1159} = {75F0F874-A04B-C129-DAFA-A337657B0E51}
		{BAF860DB-79DA-4543-8F3A-7B60AACD252F} = {75F0F874-A04B-C129-DAFA-A337657B0E51}
		{21D0BCFD-3968-4CA7-AD97-4871FE81868C} = {75F0F874-A04B-C129-DAFA-A337657B0E51}
	EndGlobalSection
	GlobalSection(ExtensibilityGlobals) = postSolution
		SolutionGuid = {27F4FFF8-AF1E-4FBD-AE8C-F34C2353E083}
	EndGlobalSection
EndGlobal
