
Microsoft Visual Studio Solution File, Format Version 12.00
# Visual Studio Version 17
VisualStudioVersion = 17.8.34330.188
MinimumVisualStudioVersion = 10.0.40219.1
Project("{9A19103F-16F7-4668-BE54-9A1E7A4F7556}") = "BaseMAUI", "BaseMAUI\BaseMAUI.csproj", "{1B954713-9763-4046-8ADC-6CED4A18D7D3}"
EndProject
Project("{9A19103F-16F7-4668-BE54-9A1E7A4F7556}") = "Domain", "Domain\Domain.csproj", "{62D88F2B-C1F0-4CBD-B9BF-3679FC623AAA}"
EndProject
Project("{9A19103F-16F7-4668-BE54-9A1E7A4F7556}") = "Infrastructure", "Infrastructure\Infrastructure.csproj", "{70F84E1B-D7F5-4EE6-81B0-E74F7304405B}"
EndProject
Project("{9A19103F-16F7-4668-BE54-9A1E7A4F7556}") = "CommonShared", "CommonShared\CommonShared.csproj", "{22734A64-76C9-4454-834F-A8AA40A9E310}"
EndProject
Global
	GlobalSection(SolutionConfigurationPlatforms) = preSolution
		DEBUGPROD|Any CPU = DEBUGPROD|Any CPU
		DEBUGQA|Any CPU = DEBUGQA|Any CPU
		RELEASEPROD|Any CPU = RELEASEPROD|Any CPU
		RELEASEQA|Any CPU = RELEASEQA|Any CPU
	EndGlobalSection
	GlobalSection(ProjectConfigurationPlatforms) = postSolution
		{1B954713-9763-4046-8ADC-6CED4A18D7D3}.DEBUGPROD|Any CPU.ActiveCfg = DEBUGPROD|Any CPU
		{1B954713-9763-4046-8ADC-6CED4A18D7D3}.DEBUGPROD|Any CPU.Build.0 = DEBUGPROD|Any CPU
		{1B954713-9763-4046-8ADC-6CED4A18D7D3}.DEBUGPROD|Any CPU.Deploy.0 = DEBUGPROD|Any CPU
		{1B954713-9763-4046-8ADC-6CED4A18D7D3}.DEBUGQA|Any CPU.ActiveCfg = DEBUGQA|Any CPU
		{1B954713-9763-4046-8ADC-6CED4A18D7D3}.DEBUGQA|Any CPU.Build.0 = DEBUGQA|Any CPU
		{1B954713-9763-4046-8ADC-6CED4A18D7D3}.DEBUGQA|Any CPU.Deploy.0 = DEBUGQA|Any CPU
		{1B954713-9763-4046-8ADC-6CED4A18D7D3}.RELEASEPROD|Any CPU.ActiveCfg = RELEASEPROD|Any CPU
		{1B954713-9763-4046-8ADC-6CED4A18D7D3}.RELEASEPROD|Any CPU.Build.0 = RELEASEPROD|Any CPU
		{1B954713-9763-4046-8ADC-6CED4A18D7D3}.RELEASEPROD|Any CPU.Deploy.0 = RELEASEPROD|Any CPU
		{1B954713-9763-4046-8ADC-6CED4A18D7D3}.RELEASEQA|Any CPU.ActiveCfg = RELEASEQA|Any CPU
		{1B954713-9763-4046-8ADC-6CED4A18D7D3}.RELEASEQA|Any CPU.Build.0 = RELEASEQA|Any CPU
		{1B954713-9763-4046-8ADC-6CED4A18D7D3}.RELEASEQA|Any CPU.Deploy.0 = RELEASEQA|Any CPU
		{62D88F2B-C1F0-4CBD-B9BF-3679FC623AAA}.DEBUGPROD|Any CPU.ActiveCfg = DEBUGPROD|Any CPU
		{62D88F2B-C1F0-4CBD-B9BF-3679FC623AAA}.DEBUGPROD|Any CPU.Build.0 = DEBUGPROD|Any CPU
		{62D88F2B-C1F0-4CBD-B9BF-3679FC623AAA}.DEBUGQA|Any CPU.ActiveCfg = DEBUGQA|Any CPU
		{62D88F2B-C1F0-4CBD-B9BF-3679FC623AAA}.DEBUGQA|Any CPU.Build.0 = DEBUGQA|Any CPU
		{62D88F2B-C1F0-4CBD-B9BF-3679FC623AAA}.RELEASEPROD|Any CPU.ActiveCfg = RELEASEPROD|Any CPU
		{62D88F2B-C1F0-4CBD-B9BF-3679FC623AAA}.RELEASEPROD|Any CPU.Build.0 = RELEASEPROD|Any CPU
		{62D88F2B-C1F0-4CBD-B9BF-3679FC623AAA}.RELEASEQA|Any CPU.ActiveCfg = RELEASEQA|Any CPU
		{62D88F2B-C1F0-4CBD-B9BF-3679FC623AAA}.RELEASEQA|Any CPU.Build.0 = RELEASEQA|Any CPU
		{70F84E1B-D7F5-4EE6-81B0-E74F7304405B}.DEBUGPROD|Any CPU.ActiveCfg = DEBUGPROD|Any CPU
		{70F84E1B-D7F5-4EE6-81B0-E74F7304405B}.DEBUGPROD|Any CPU.Build.0 = DEBUGPROD|Any CPU
		{70F84E1B-D7F5-4EE6-81B0-E74F7304405B}.DEBUGQA|Any CPU.ActiveCfg = DEBUGQA|Any CPU
		{70F84E1B-D7F5-4EE6-81B0-E74F7304405B}.DEBUGQA|Any CPU.Build.0 = DEBUGQA|Any CPU
		{70F84E1B-D7F5-4EE6-81B0-E74F7304405B}.RELEASEPROD|Any CPU.ActiveCfg = RELEASEPROD|Any CPU
		{70F84E1B-D7F5-4EE6-81B0-E74F7304405B}.RELEASEPROD|Any CPU.Build.0 = RELEASEPROD|Any CPU
		{70F84E1B-D7F5-4EE6-81B0-E74F7304405B}.RELEASEQA|Any CPU.ActiveCfg = RELEASEQA|Any CPU
		{70F84E1B-D7F5-4EE6-81B0-E74F7304405B}.RELEASEQA|Any CPU.Build.0 = RELEASEQA|Any CPU
		{22734A64-76C9-4454-834F-A8AA40A9E310}.DEBUGPROD|Any CPU.ActiveCfg = DEBUGPROD|Any CPU
		{22734A64-76C9-4454-834F-A8AA40A9E310}.DEBUGPROD|Any CPU.Build.0 = DEBUGPROD|Any CPU
		{22734A64-76C9-4454-834F-A8AA40A9E310}.DEBUGQA|Any CPU.ActiveCfg = DEBUGQA|Any CPU
		{22734A64-76C9-4454-834F-A8AA40A9E310}.DEBUGQA|Any CPU.Build.0 = DEBUGQA|Any CPU
		{22734A64-76C9-4454-834F-A8AA40A9E310}.RELEASEPROD|Any CPU.ActiveCfg = RELEASEPROD|Any CPU
		{22734A64-76C9-4454-834F-A8AA40A9E310}.RELEASEPROD|Any CPU.Build.0 = RELEASEPROD|Any CPU
		{22734A64-76C9-4454-834F-A8AA40A9E310}.RELEASEQA|Any CPU.ActiveCfg = RELEASEQA|Any CPU
		{22734A64-76C9-4454-834F-A8AA40A9E310}.RELEASEQA|Any CPU.Build.0 = RELEASEQA|Any CPU
	EndGlobalSection
	GlobalSection(SolutionProperties) = preSolution
		HideSolutionNode = FALSE
	EndGlobalSection
	GlobalSection(ExtensibilityGlobals) = postSolution
		SolutionGuid = {27F4FFF8-AF1E-4FBD-AE8C-F34C2353E083}
	EndGlobalSection
EndGlobal
