
Microsoft Visual Studio Solution File, Format Version 12.00
# Visual Studio Version 17
VisualStudioVersion = 17.8.34330.188
MinimumVisualStudioVersion = 10.0.40219.1
Project("{FAE04EC0-301F-11D3-BF4B-00C04F79EFBC}") = "BaseMAUI", "BaseMAUI\BaseMAUI.csproj", "{1B954713-9763-4046-8ADC-6CED4A18D7D3}"
EndProject
Project("{FAE04EC0-301F-11D3-BF4B-00C04F79EFBC}") = "Domain", "Domain\Domain.csproj", "{62D88F2B-C1F0-4CBD-B9BF-3679FC623AAA}"
EndProject
Project("{FAE04EC0-301F-11D3-BF4B-00C04F79EFBC}") = "Infrastructure", "Infrastructure\Infrastructure.csproj", "{70F84E1B-D7F5-4EE6-81B0-E74F7304405B}"
EndProject
Project("{FAE04EC0-301F-11D3-BF4B-00C04F79EFBC}") = "CommonShared", "CommonShared\CommonShared.csproj", "{22734A64-76C9-4454-834F-A8AA40A9E310}"
EndProject
Global
	GlobalSection(SolutionConfigurationPlatforms) = preSolution
		Debug|Any CPU = Debug|Any CPU
		Release|Any CPU = Release|Any CPU
	EndGlobalSection
	GlobalSection(ProjectConfigurationPlatforms) = postSolution
		{1B954713-9763-4046-8ADC-6CED4A18D7D3}.Debug|Any CPU.ActiveCfg = Debug|Any CPU
		{1B954713-9763-4046-8ADC-6CED4A18D7D3}.Debug|Any CPU.Build.0 = Debug|Any CPU
		{1B954713-9763-4046-8ADC-6CED4A18D7D3}.Debug|Any CPU.Deploy.0 = Debug|Any CPU
		{1B954713-9763-4046-8ADC-6CED4A18D7D3}.Release|Any CPU.ActiveCfg = Release|Any CPU
		{1B954713-9763-4046-8ADC-6CED4A18D7D3}.Release|Any CPU.Build.0 = Release|Any CPU
		{1B954713-9763-4046-8ADC-6CED4A18D7D3}.Release|Any CPU.Deploy.0 = Release|Any CPU
		{62D88F2B-C1F0-4CBD-B9BF-3679FC623AAA}.Debug|Any CPU.ActiveCfg = Debug|Any CPU
		{62D88F2B-C1F0-4CBD-B9BF-3679FC623AAA}.Debug|Any CPU.Build.0 = Debug|Any CPU
		{62D88F2B-C1F0-4CBD-B9BF-3679FC623AAA}.Release|Any CPU.ActiveCfg = Release|Any CPU
		{62D88F2B-C1F0-4CBD-B9BF-3679FC623AAA}.Release|Any CPU.Build.0 = Release|Any CPU
		{70F84E1B-D7F5-4EE6-81B0-E74F7304405B}.Debug|Any CPU.ActiveCfg = Debug|Any CPU
		{70F84E1B-D7F5-4EE6-81B0-E74F7304405B}.Debug|Any CPU.Build.0 = Debug|Any CPU
		{70F84E1B-D7F5-4EE6-81B0-E74F7304405B}.Release|Any CPU.ActiveCfg = Release|Any CPU
		{70F84E1B-D7F5-4EE6-81B0-E74F7304405B}.Release|Any CPU.Build.0 = Release|Any CPU
		{22734A64-76C9-4454-834F-A8AA40A9E310}.Debug|Any CPU.ActiveCfg = Debug|Any CPU
		{22734A64-76C9-4454-834F-A8AA40A9E310}.Debug|Any CPU.Build.0 = Debug|Any CPU
		{22734A64-76C9-4454-834F-A8AA40A9E310}.Release|Any CPU.ActiveCfg = Release|Any CPU
		{22734A64-76C9-4454-834F-A8AA40A9E310}.Release|Any CPU.Build.0 = Release|Any CPU
	EndGlobalSection
	GlobalSection(SolutionProperties) = preSolution
		HideSolutionNode = FALSE
	EndGlobalSection
	GlobalSection(ExtensibilityGlobals) = postSolution
		SolutionGuid = {27F4FFF8-AF1E-4FBD-AE8C-F34C2353E083}
	EndGlobalSection
EndGlobal
